// !$*UTF8*$!
{
	archiveVersion = 1;
	classes = {
	};
	objectVersion = 46;
	objects = {

/* Begin PBXBuildFile section */
		3353B35C1CF07A9E00B86889 /* AppDelegate.swift in Sources */ = {isa = PBXBuildFile; fileRef = 3353B35B1CF07A9E00B86889 /* AppDelegate.swift */; };
		3353B35E1CF07A9E00B86889 /* ViewController.swift in Sources */ = {isa = PBXBuildFile; fileRef = 3353B35D1CF07A9E00B86889 /* ViewController.swift */; };
		3353B3611CF07A9E00B86889 /* Main.storyboard in Resources */ = {isa = PBXBuildFile; fileRef = 3353B35F1CF07A9E00B86889 /* Main.storyboard */; };
		3353B3631CF07A9E00B86889 /* Assets.xcassets in Resources */ = {isa = PBXBuildFile; fileRef = 3353B3621CF07A9E00B86889 /* Assets.xcassets */; };
		3353B3661CF07A9E00B86889 /* LaunchScreen.storyboard in Resources */ = {isa = PBXBuildFile; fileRef = 3353B3641CF07A9E00B86889 /* LaunchScreen.storyboard */; };
/* End PBXBuildFile section */

/* Begin PBXFileReference section */
		3353B3581CF07A9E00B86889 /* LocalNotification-swift.app */ = {isa = PBXFileReference; explicitFileType = wrapper.application; includeInIndex = 0; path = "LocalNotification-swift.app"; sourceTree = BUILT_PRODUCTS_DIR; };
		3353B35B1CF07A9E00B86889 /* AppDelegate.swift */ = {isa = PBXFileReference; lastKnownFileType = sourcecode.swift; path = AppDelegate.swift; sourceTree = "<group>"; };
		3353B35D1CF07A9E00B86889 /* ViewController.swift */ = {isa = PBXFileReference; lastKnownFileType = sourcecode.swift; path = ViewController.swift; sourceTree = "<group>"; };
		3353B3601CF07A9E00B86889 /* Base */ = {isa = PBXFileReference; lastKnownFileType = file.storyboard; name = Base; path = Base.lproj/Main.storyboard; sourceTree = "<group>"; };
		3353B3621CF07A9E00B86889 /* Assets.xcassets */ = {isa = PBXFileReference; lastKnownFileType = folder.assetcatalog; path = Assets.xcassets; sourceTree = "<group>"; };
		3353B3651CF07A9E00B86889 /* Base */ = {isa = PBXFileReference; lastKnownFileType = file.storyboard; name = Base; path = Base.lproj/LaunchScreen.storyboard; sourceTree = "<group>"; };
		3353B3671CF07A9E00B86889 /* Info.plist */ = {isa = PBXFileReference; lastKnownFileType = text.plist.xml; path = Info.plist; sourceTree = "<group>"; };
/* End PBXFileReference section */

/* Begin PBXFrameworksBuildPhase section */
		3353B3551CF07A9E00B86889 /* Frameworks */ = {
			isa = PBXFrameworksBuildPhase;
			buildActionMask = 2147483647;
			files = (
			);
			runOnlyForDeploymentPostprocessing = 0;
		};
/* End PBXFrameworksBuildPhase section */

/* Begin PBXGroup section */
		3353B34F1CF07A9E00B86889 = {
			isa = PBXGroup;
			children = (
				3353B35A1CF07A9E00B86889 /* LocalNotification-swift */,
				3353B3591CF07A9E00B86889 /* Products */,
			);
			sourceTree = "<group>";
		};
		3353B3591CF07A9E00B86889 /* Products */ = {
			isa = PBXGroup;
			children = (
				3353B3581CF07A9E00B86889 /* LocalNotification-swift.app */,
			);
			name = Products;
			sourceTree = "<group>";
		};
		3353B35A1CF07A9E00B86889 /* LocalNotification-swift */ = {
			isa = PBXGroup;
			children = (
				3353B35B1CF07A9E00B86889 /* AppDelegate.swift */,
				3353B35D1CF07A9E00B86889 /* ViewController.swift */,
				3353B35F1CF07A9E00B86889 /* Main.storyboard */,
				3353B3621CF07A9E00B86889 /* Assets.xcassets */,
				3353B3641CF07A9E00B86889 /* LaunchScreen.storyboard */,
				3353B3671CF07A9E00B86889 /* Info.plist */,
			);
			path = "LocalNotification-swift";
			sourceTree = "<group>";
		};
/* End PBXGroup section */

/* Begin PBXNativeTarget section */
		3353B3571CF07A9E00B86889 /* LocalNotification-swift */ = {
			isa = PBXNativeTarget;
			buildConfigurationList = 3353B36A1CF07A9E00B86889 /* Build configuration list for PBXNativeTarget "LocalNotification-swift" */;
			buildPhases = (
				3353B3541CF07A9E00B86889 /* Sources */,
				3353B3551CF07A9E00B86889 /* Frameworks */,
				3353B3561CF07A9E00B86889 /* Resources */,
			);
			buildRules = (
			);
			dependencies = (
			);
			name = "LocalNotification-swift";
			productName = "LocalNotification-swift";
			productReference = 3353B3581CF07A9E00B86889 /* LocalNotification-swift.app */;
			productType = "com.apple.product-type.application";
		};
/* End PBXNativeTarget section */

/* Begin PBXProject section */
		3353B3501CF07A9E00B86889 /* Project object */ = {
			isa = PBXProject;
			attributes = {
				LastSwiftUpdateCheck = 0730;
				LastUpgradeCheck = 0730;
				ORGANIZATIONNAME = "Han Chen";
				TargetAttributes = {
					3353B3571CF07A9E00B86889 = {
						CreatedOnToolsVersion = 7.3;
					};
				};
			};
			buildConfigurationList = 3353B3531CF07A9E00B86889 /* Build configuration list for PBXProject "LocalNotification-swift" */;
			compatibilityVersion = "Xcode 3.2";
			developmentRegion = English;
			hasScannedForEncodings = 0;
			knownRegions = (
				en,
				Base,
			);
			mainGroup = 3353B34F1CF07A9E00B86889;
			productRefGroup = 3353B3591CF07A9E00B86889 /* Products */;
			projectDirPath = "";
			projectRoot = "";
			targets = (
				3353B3571CF07A9E00B86889 /* LocalNotification-swift */,
			);
		};
/* End PBXProject section */

/* Begin PBXResourcesBuildPhase section */
		3353B3561CF07A9E00B86889 /* Resources */ = {
			isa = PBXResourcesBuildPhase;
			buildActionMask = 2147483647;
			files = (
				3353B3661CF07A9E00B86889 /* LaunchScreen.storyboard in Resources */,
				3353B3631CF07A9E00B86889 /* Assets.xcassets in Resources */,
				3353B3611CF07A9E00B86889 /* Main.storyboard in Resources */,
			);
			runOnlyForDeploymentPostprocessing = 0;
		};
/* End PBXResourcesBuildPhase section */

/* Begin PBXSourcesBuildPhase section */
		3353B3541CF07A9E00B86889 /* Sources */ = {
			isa = PBXSourcesBuildPhase;
			buildActionMask = 2147483647;
			files = (
				3353B35E1CF07A9E00B86889 /* ViewController.swift in Sources */,
				3353B35C1CF07A9E00B86889 /* AppDelegate.swift in Sources */,
			);
			runOnlyForDeploymentPostprocessing = 0;
		};
/* End PBXSourcesBuildPhase section */

/* Begin PBXVariantGroup section */
		3353B35F1CF07A9E00B86889 /* Main.storyboard */ = {
			isa = PBXVariantGroup;
			children = (
				3353B3601CF07A9E00B86889 /* Base */,
			);
			name = Main.storyboard;
			sourceTree = "<group>";
		};
		3353B3641CF07A9E00B86889 /* LaunchScreen.storyboard */ = {
			isa = PBXVariantGroup;
			children = (
				3353B3651CF07A9E00B86889 /* Base */,
			);
			name = LaunchScreen.storyboard;
			sourceTree = "<group>";
		};
/* End PBXVariantGroup section */

/* Begin XCBuildConfiguration section */
		3353B3681CF07A9E00B86889 /* Debug */ = {
			isa = XCBuildConfiguration;
			buildSettings = {
				ALWAYS_SEARCH_USER_PATHS = NO;
				CLANG_ANALYZER_NONNULL = YES;
				CLANG_CXX_LANGUAGE_STANDARD = "gnu++0x";
				CLANG_CXX_LIBRARY = "libc++";
				CLANG_ENABLE_MODULES = YES;
				CLANG_ENABLE_OBJC_ARC = YES;
				CLANG_WARN_BOOL_CONVERSION = YES;
				CLANG_WARN_CONSTANT_CONVERSION = YES;
				CLANG_WARN_DIRECT_OBJC_ISA_USAGE = YES_ERROR;
				CLANG_WARN_EMPTY_BODY = YES;
				CLANG_WARN_ENUM_CONVERSION = YES;
				CLANG_WARN_INT_CONVERSION = YES;
				CLANG_WARN_OBJC_ROOT_CLASS = YES_ERROR;
				CLANG_WARN_UNREACHABLE_CODE = YES;
				CLANG_WARN__DUPLICATE_METHOD_MATCH = YES;
				"CODE_SIGN_IDENTITY[sdk=iphoneos*]" = "iPhone Developer";
				COPY_PHASE_STRIP = NO;
				DEBUG_INFORMATION_FORMAT = dwarf;
				ENABLE_STRICT_OBJC_MSGSEND = YES;
				ENABLE_TESTABILITY = YES;
				GCC_C_LANGUAGE_STANDARD = gnu99;
				GCC_DYNAMIC_NO_PIC = NO;
				GCC_NO_COMMON_BLOCKS = YES;
				GCC_OPTIMIZATION_LEVEL = 0;
				GCC_PREPROCESSOR_DEFINITIONS = (
					"DEBUG=1",
					"$(inherited)",
				);
				GCC_WARN_64_TO_32_BIT_CONVERSION = YES;
				GCC_WARN_ABOUT_RETURN_TYPE = YES_ERROR;
				GCC_WARN_UNDECLARED_SELECTOR = YES;
				GCC_WARN_UNINITIALIZED_AUTOS = YES_AGGRESSIVE;
				GCC_WARN_UNUSED_FUNCTION = YES;
				GCC_WARN_UNUSED_VARIABLE = YES;
				IPHONEOS_DEPLOYMENT_TARGET = 9.3;
				MTL_ENABLE_DEBUG_INFO = YES;
				ONLY_ACTIVE_ARCH = YES;
				SDKROOT = iphoneos;
				SWIFT_OPTIMIZATION_LEVEL = "-Onone";
				TARGETED_DEVICE_FAMILY = "1,2";
			};
			name = Debug;
		};
		3353B3691CF07A9E00B86889 /* Release */ = {
			isa = XCBuildConfiguration;
			buildSettings = {
				ALWAYS_SEARCH_USER_PATHS = NO;
				CLANG_ANALYZER_NONNULL = YES;
				CLANG_CXX_LANGUAGE_STANDARD = "gnu++0x";
				CLANG_CXX_LIBRARY = "libc++";
				CLANG_ENABLE_MODULES = YES;
				CLANG_ENABLE_OBJC_ARC = YES;
				CLANG_WARN_BOOL_CONVERSION = YES;
				CLANG_WARN_CONSTANT_CONVERSION = YES;
				CLANG_WARN_DIRECT_OBJC_ISA_USAGE = YES_ERROR;
				CLANG_WARN_EMPTY_BODY = YES;
				CLANG_WARN_ENUM_CONVERSION = YES;
				CLANG_WARN_INT_CONVERSION = YES;
				CLANG_WARN_OBJC_ROOT_CLASS = YES_ERROR;
				CLANG_WARN_UNREACHABLE_CODE = YES;
				CLANG_WARN__DUPLICATE_METHOD_MATCH = YES;
				"CODE_SIGN_IDENTITY[sdk=iphoneos*]" = "iPhone Developer";
				COPY_PHASE_STRIP = NO;
				DEBUG_INFORMATION_FORMAT = "dwarf-with-dsym";
				ENABLE_NS_ASSERTIONS = NO;
				ENABLE_STRICT_OBJC_MSGSEND = YES;
				GCC_C_LANGUAGE_STANDARD = gnu99;
				GCC_NO_COMMON_BLOCKS = YES;
				GCC_WARN_64_TO_32_BIT_CONVERSION = YES;
				GCC_WARN_ABOUT_RETURN_TYPE = YES_ERROR;
				GCC_WARN_UNDECLARED_SELECTOR = YES;
				GCC_WARN_UNINITIALIZED_AUTOS = YES_AGGRESSIVE;
				GCC_WARN_UNUSED_FUNCTION = YES;
				GCC_WARN_UNUSED_VARIABLE = YES;
				IPHONEOS_DEPLOYMENT_TARGET = 9.3;
				MTL_ENABLE_DEBUG_INFO = NO;
				SDKROOT = iphoneos;
				TARGETED_DEVICE_FAMILY = "1,2";
				VALIDATE_PRODUCT = YES;
			};
			name = Release;
		};
		3353B36B1CF07A9E00B86889 /* Debug */ = {
			isa = XCBuildConfiguration;
			buildSettings = {
				ASSETCATALOG_COMPILER_APPICON_NAME = AppIcon;
				INFOPLIST_FILE = "LocalNotification-swift/Info.plist";
				LD_RUNPATH_SEARCH_PATHS = "$(inherited) @executable_path/Frameworks";
				PRODUCT_BUNDLE_IDENTIFIER = "com.cshan.LocalNotification-swift";
				PRODUCT_NAME = "$(TARGET_NAME)";
			};
			name = Debug;
		};
		3353B36C1CF07A9E00B86889 /* Release */ = {
			isa = XCBuildConfiguration;
			buildSettings = {
				ASSETCATALOG_COMPILER_APPICON_NAME = AppIcon;
				INFOPLIST_FILE = "LocalNotification-swift/Info.plist";
				LD_RUNPATH_SEARCH_PATHS = "$(inherited) @executable_path/Frameworks";
				PRODUCT_BUNDLE_IDENTIFIER = "com.cshan.LocalNotification-swift";
				PRODUCT_NAME = "$(TARGET_NAME)";
			};
			name = Release;
		};
/* End XCBuildConfiguration section */

/* Begin XCConfigurationList section */
		3353B3531CF07A9E00B86889 /* Build configuration list for PBXProject "LocalNotification-swift" */ = {
			isa = XCConfigurationList;
			buildConfigurations = (
				3353B3681CF07A9E00B86889 /* Debug */,
				3353B3691CF07A9E00B86889 /* Release */,
			);
			defaultConfigurationIsVisible = 0;
			defaultConfigurationName = Release;
		};
		3353B36A1CF07A9E00B86889 /* Build configuration list for PBXNativeTarget "LocalNotification-swift" */ = {
			isa = XCConfigurationList;
			buildConfigurations = (
				3353B36B1CF07A9E00B86889 /* Debug */,
				3353B36C1CF07A9E00B86889 /* Release */,
			);
			defaultConfigurationIsVisible = 0;
		};
/* End XCConfigurationList section */
	};
	rootObject = 3353B3501CF07A9E00B86889 /* Project object */;
}
